
Microsoft Visual Studio Solution File, Format Version 12.00
# Visual Studio Version 17
VisualStudioVersion = 17.10.35027.167
MinimumVisualStudioVersion = 10.0.40219.1
Project("{FAE04EC0-301F-11D3-BF4B-00C04F79EFBC}") = "MyWebApp", "MyWebApp\MyWebApp.csproj", "{BA0C34FD-CF38-4410-A4E8-771ADB4863F4}"
EndProject
Global
	GlobalSection(SolutionConfigurationPlatforms) = preSolution
		Debug|Any CPU = Debug|Any CPU
		Release|Any CPU = Release|Any CPU
	EndGlobalSection
	GlobalSection(ProjectConfigurationPlatforms) = postSolution
		{BA0C34FD-CF38-4410-A4E8-771ADB4863F4}.Debug|Any CPU.ActiveCfg = Debug|Any CPU
		{BA0C34FD-CF38-4410-A4E8-771ADB4863F4}.Debug|Any CPU.Build.0 = Debug|Any CPU
		{BA0C34FD-CF38-4410-A4E8-771ADB4863F4}.Release|Any CPU.ActiveCfg = Release|Any CPU
		{BA0C34FD-CF38-4410-A4E8-771ADB4863F4}.Release|Any CPU.Build.0 = Release|Any CPU
	EndGlobalSection
	GlobalSection(SolutionProperties) = preSolution
		HideSolutionNode = FALSE
	EndGlobalSection
	GlobalSection(ExtensibilityGlobals) = postSolution
		SolutionGuid = {CC4E3C43-1B2F-4239-ABEA-B8C78ACDC67F}
	EndGlobalSection
EndGlobal
